
Microsoft Visual Studio Solution File, Format Version 12.00
# Visual Studio Version 17
VisualStudioVersion = 17.14.36414.22 d17.14
MinimumVisualStudioVersion = 10.0.40219.1
Project("{FAE04EC0-301F-11D3-BF4B-00C04F79EFBC}") = "Arbol 1", "Arbol 1.csproj", "{68D39E1F-6D06-4340-8922-5212D86268C7}"
EndProject
Global
	GlobalSection(SolutionConfigurationPlatforms) = preSolution
		Debug|Any CPU = Debug|Any CPU
		Release|Any CPU = Release|Any CPU
	EndGlobalSection
	GlobalSection(ProjectConfigurationPlatforms) = postSolution
		{68D39E1F-6D06-4340-8922-5212D86268C7}.Debug|Any CPU.ActiveCfg = Debug|Any CPU
		{68D39E1F-6D06-4340-8922-5212D86268C7}.Debug|Any CPU.Build.0 = Debug|Any CPU
		{68D39E1F-6D06-4340-8922-5212D86268C7}.Release|Any CPU.ActiveCfg = Release|Any CPU
		{68D39E1F-6D06-4340-8922-5212D86268C7}.Release|Any CPU.Build.0 = Release|Any CPU
	EndGlobalSection
	GlobalSection(SolutionProperties) = preSolution
		HideSolutionNode = FALSE
	EndGlobalSection
	GlobalSection(ExtensibilityGlobals) = postSolution
		SolutionGuid = {B963407D-8244-4650-AF95-8D94F727C51C}
	EndGlobalSection
EndGlobal
